# This file is automatically @generated by Cargo.
# It is not intended for manual editing.
[[package]]
name = "cli_test_dir"
version = "0.1.7"
source = "registry+https://github.com/rust-lang/crates.io-index"

[[package]]
name = "hello-rust"
version = "0.1.0"
dependencies = [
 "cli_test_dir 0.1.7 (registry+https://github.com/rust-lang/crates.io-index)",
 "text_io 0.1.8 (registry+https://github.com/rust-lang/crates.io-index)",
]

[[package]]
name = "text_io"
version = "0.1.8"
source = "registry+https://github.com/rust-lang/crates.io-index"

[metadata]
"checksum cli_test_dir 0.1.7 (registry+https://github.com/rust-lang/crates.io-index)" = "2bc63338a59538d4f4b767dfb6082e4d26736aadb5100894b76039a04d6ad519"
"checksum text_io 0.1.8 (registry+https://github.com/rust-lang/crates.io-index)" = "6cb170b4f47dc48835fbc56259c12d8963e542b05a24be2e3a1f5a6c320fd2d4"
